// !$*UTF8*$!
{
	archiveVersion = 1;
	classes = {
	};
	objectVersion = 50;
	objects = {

/* Begin PBXBuildFile section */
		00C1835C22AD0EDD00B886D7 /* sample_style_1.gif in Resources */ = {isa = PBXBuildFile; fileRef = 00C1835622AD0EDD00B886D7 /* sample_style_1.gif */; };
		00C1835D22AD0EDD00B886D7 /* sample_style_2.gif in Resources */ = {isa = PBXBuildFile; fileRef = 00C1835722AD0EDD00B886D7 /* sample_style_2.gif */; };
		00C1835E22AD0EDD00B886D7 /* sample_style_3.gif in Resources */ = {isa = PBXBuildFile; fileRef = 00C1835822AD0EDD00B886D7 /* sample_style_3.gif */; };
		00C1835F22AD0EDD00B886D7 /* sample_style_4.gif in Resources */ = {isa = PBXBuildFile; fileRef = 00C1835922AD0EDD00B886D7 /* sample_style_4.gif */; };
		00C1836022AD0EDD00B886D7 /* sample_style_5.gif in Resources */ = {isa = PBXBuildFile; fileRef = 00C1835A22AD0EDD00B886D7 /* sample_style_5.gif */; };
		00C1836122AD0EDD00B886D7 /* sample_style_6.gif in Resources */ = {isa = PBXBuildFile; fileRef = 00C1835B22AD0EDD00B886D7 /* sample_style_6.gif */; };
		00C1836F22AD0EE300B886D7 /* UIWebView+XYFProgress.m in Sources */ = {isa = PBXBuildFile; fileRef = 00C1836422AD0EE300B886D7 /* UIWebView+XYFProgress.m */; };
		00C1837022AD0EE300B886D7 /* XYFAlertView.m in Sources */ = {isa = PBXBuildFile; fileRef = 00C1836622AD0EE300B886D7 /* XYFAlertView.m */; };
		00C1837122AD0EE300B886D7 /* XYFCleanCache.m in Sources */ = {isa = PBXBuildFile; fileRef = 00C1836822AD0EE300B886D7 /* XYFCleanCache.m */; };
		00C1837222AD0EE300B886D7 /* XYFColorVC.m in Sources */ = {isa = PBXBuildFile; fileRef = 00C1836A22AD0EE300B886D7 /* XYFColorVC.m */; };
		00C1837322AD0EE300B886D7 /* XYFProgressLayer.m in Sources */ = {isa = PBXBuildFile; fileRef = 00C1836C22AD0EE300B886D7 /* XYFProgressLayer.m */; };
		00C1837422AD0EE300B886D7 /* XYFTool.m in Sources */ = {isa = PBXBuildFile; fileRef = 00C1836E22AD0EE300B886D7 /* XYFTool.m */; };
		044C50BB21573688005E1B3D /* AppDelegate.m in Sources */ = {isa = PBXBuildFile; fileRef = 044C50BA21573688005E1B3D /* AppDelegate.m */; };
		044C50BE21573688005E1B3D /* ViewController.m in Sources */ = {isa = PBXBuildFile; fileRef = 044C50BD21573688005E1B3D /* ViewController.m */; };
		044C50C121573688005E1B3D /* Main.storyboard in Resources */ = {isa = PBXBuildFile; fileRef = 044C50BF21573688005E1B3D /* Main.storyboard */; };
		044C50C321573690005E1B3D /* Assets.xcassets in Resources */ = {isa = PBXBuildFile; fileRef = 044C50C221573690005E1B3D /* Assets.xcassets */; };
		044C50C621573690005E1B3D /* LaunchScreen.storyboard in Resources */ = {isa = PBXBuildFile; fileRef = 044C50C421573690005E1B3D /* LaunchScreen.storyboard */; };
		044C50C921573690005E1B3D /* main.m in Sources */ = {isa = PBXBuildFile; fileRef = 044C50C821573690005E1B3D /* main.m */; };
/* End PBXBuildFile section */

/* Begin PBXFileReference section */
		00C1835622AD0EDD00B886D7 /* sample_style_1.gif */ = {isa = PBXFileReference; lastKnownFileType = image.gif; path = sample_style_1.gif; sourceTree = "<group>"; };
		00C1835722AD0EDD00B886D7 /* sample_style_2.gif */ = {isa = PBXFileReference; lastKnownFileType = image.gif; path = sample_style_2.gif; sourceTree = "<group>"; };
		00C1835822AD0EDD00B886D7 /* sample_style_3.gif */ = {isa = PBXFileReference; lastKnownFileType = image.gif; path = sample_style_3.gif; sourceTree = "<group>"; };
		00C1835922AD0EDD00B886D7 /* sample_style_4.gif */ = {isa = PBXFileReference; lastKnownFileType = image.gif; path = sample_style_4.gif; sourceTree = "<group>"; };
		00C1835A22AD0EDD00B886D7 /* sample_style_5.gif */ = {isa = PBXFileReference; lastKnownFileType = image.gif; path = sample_style_5.gif; sourceTree = "<group>"; };
		00C1835B22AD0EDD00B886D7 /* sample_style_6.gif */ = {isa = PBXFileReference; lastKnownFileType = image.gif; path = sample_style_6.gif; sourceTree = "<group>"; };
		00C1836322AD0EE300B886D7 /* UIWebView+XYFProgress.h */ = {isa = PBXFileReference; fileEncoding = 4; lastKnownFileType = sourcecode.c.h; path = "UIWebView+XYFProgress.h"; sourceTree = "<group>"; };
		00C1836422AD0EE300B886D7 /* UIWebView+XYFProgress.m */ = {isa = PBXFileReference; fileEncoding = 4; lastKnownFileType = sourcecode.c.objc; path = "UIWebView+XYFProgress.m"; sourceTree = "<group>"; };
		00C1836522AD0EE300B886D7 /* XYFAlertView.h */ = {isa = PBXFileReference; fileEncoding = 4; lastKnownFileType = sourcecode.c.h; path = XYFAlertView.h; sourceTree = "<group>"; };
		00C1836622AD0EE300B886D7 /* XYFAlertView.m */ = {isa = PBXFileReference; fileEncoding = 4; lastKnownFileType = sourcecode.c.objc; path = XYFAlertView.m; sourceTree = "<group>"; };
		00C1836722AD0EE300B886D7 /* XYFCleanCache.h */ = {isa = PBXFileReference; fileEncoding = 4; lastKnownFileType = sourcecode.c.h; path = XYFCleanCache.h; sourceTree = "<group>"; };
		00C1836822AD0EE300B886D7 /* XYFCleanCache.m */ = {isa = PBXFileReference; fileEncoding = 4; lastKnownFileType = sourcecode.c.objc; path = XYFCleanCache.m; sourceTree = "<group>"; };
		00C1836922AD0EE300B886D7 /* XYFColorVC.h */ = {isa = PBXFileReference; fileEncoding = 4; lastKnownFileType = sourcecode.c.h; path = XYFColorVC.h; sourceTree = "<group>"; };
		00C1836A22AD0EE300B886D7 /* XYFColorVC.m */ = {isa = PBXFileReference; fileEncoding = 4; lastKnownFileType = sourcecode.c.objc; path = XYFColorVC.m; sourceTree = "<group>"; };
		00C1836B22AD0EE300B886D7 /* XYFProgressLayer.h */ = {isa = PBXFileReference; fileEncoding = 4; lastKnownFileType = sourcecode.c.h; path = XYFProgressLayer.h; sourceTree = "<group>"; };
		00C1836C22AD0EE300B886D7 /* XYFProgressLayer.m */ = {isa = PBXFileReference; fileEncoding = 4; lastKnownFileType = sourcecode.c.objc; path = XYFProgressLayer.m; sourceTree = "<group>"; };
		00C1836D22AD0EE300B886D7 /* XYFTool.h */ = {isa = PBXFileReference; fileEncoding = 4; lastKnownFileType = sourcecode.c.h; path = XYFTool.h; sourceTree = "<group>"; };
		00C1836E22AD0EE300B886D7 /* XYFTool.m */ = {isa = PBXFileReference; fileEncoding = 4; lastKnownFileType = sourcecode.c.objc; path = XYFTool.m; sourceTree = "<group>"; };
		044C50B621573688005E1B3D /* XYFAlertView.app */ = {isa = PBXFileReference; explicitFileType = wrapper.application; includeInIndex = 0; path = XYFAlertView.app; sourceTree = BUILT_PRODUCTS_DIR; };
		044C50B921573688005E1B3D /* AppDelegate.h */ = {isa = PBXFileReference; lastKnownFileType = sourcecode.c.h; path = AppDelegate.h; sourceTree = "<group>"; };
		044C50BA21573688005E1B3D /* AppDelegate.m */ = {isa = PBXFileReference; lastKnownFileType = sourcecode.c.objc; path = AppDelegate.m; sourceTree = "<group>"; };
		044C50BC21573688005E1B3D /* ViewController.h */ = {isa = PBXFileReference; lastKnownFileType = sourcecode.c.h; path = ViewController.h; sourceTree = "<group>"; };
		044C50BD21573688005E1B3D /* ViewController.m */ = {isa = PBXFileReference; lastKnownFileType = sourcecode.c.objc; path = ViewController.m; sourceTree = "<group>"; };
		044C50C021573688005E1B3D /* Base */ = {isa = PBXFileReference; lastKnownFileType = file.storyboard; name = Base; path = Base.lproj/Main.storyboard; sourceTree = "<group>"; };
		044C50C221573690005E1B3D /* Assets.xcassets */ = {isa = PBXFileReference; lastKnownFileType = folder.assetcatalog; path = Assets.xcassets; sourceTree = "<group>"; };
		044C50C521573690005E1B3D /* Base */ = {isa = PBXFileReference; lastKnownFileType = file.storyboard; name = Base; path = Base.lproj/LaunchScreen.storyboard; sourceTree = "<group>"; };
		044C50C721573690005E1B3D /* Info.plist */ = {isa = PBXFileReference; lastKnownFileType = text.plist.xml; path = Info.plist; sourceTree = "<group>"; };
		044C50C821573690005E1B3D /* main.m */ = {isa = PBXFileReference; lastKnownFileType = sourcecode.c.objc; path = main.m; sourceTree = "<group>"; };
/* End PBXFileReference section */

/* Begin PBXFrameworksBuildPhase section */
		044C50B321573688005E1B3D /* Frameworks */ = {
			isa = PBXFrameworksBuildPhase;
			buildActionMask = 2147483647;
			files = (
			);
			runOnlyForDeploymentPostprocessing = 0;
		};
/* End PBXFrameworksBuildPhase section */

/* Begin PBXGroup section */
		00C1835522AD0EDD00B886D7 /* SampleStyleImages */ = {
			isa = PBXGroup;
			children = (
				00C1835622AD0EDD00B886D7 /* sample_style_1.gif */,
				00C1835722AD0EDD00B886D7 /* sample_style_2.gif */,
				00C1835822AD0EDD00B886D7 /* sample_style_3.gif */,
				00C1835922AD0EDD00B886D7 /* sample_style_4.gif */,
				00C1835A22AD0EDD00B886D7 /* sample_style_5.gif */,
				00C1835B22AD0EDD00B886D7 /* sample_style_6.gif */,
			);
			path = SampleStyleImages;
			sourceTree = "<group>";
		};
		00C1836222AD0EE300B886D7 /* XYFAlertView */ = {
			isa = PBXGroup;
			children = (
				00C1836322AD0EE300B886D7 /* UIWebView+XYFProgress.h */,
				00C1836422AD0EE300B886D7 /* UIWebView+XYFProgress.m */,
				00C1836522AD0EE300B886D7 /* XYFAlertView.h */,
				00C1836622AD0EE300B886D7 /* XYFAlertView.m */,
				00C1836722AD0EE300B886D7 /* XYFCleanCache.h */,
				00C1836822AD0EE300B886D7 /* XYFCleanCache.m */,
				00C1836922AD0EE300B886D7 /* XYFColorVC.h */,
				00C1836A22AD0EE300B886D7 /* XYFColorVC.m */,
				00C1836B22AD0EE300B886D7 /* XYFProgressLayer.h */,
				00C1836C22AD0EE300B886D7 /* XYFProgressLayer.m */,
				00C1836D22AD0EE300B886D7 /* XYFTool.h */,
				00C1836E22AD0EE300B886D7 /* XYFTool.m */,
			);
			path = XYFAlertView;
			sourceTree = "<group>";
		};
		044C50AD21573688005E1B3D = {
			isa = PBXGroup;
			children = (
				044C50B821573688005E1B3D /* XYFAlertView */,
				044C50B721573688005E1B3D /* Products */,
			);
			sourceTree = "<group>";
		};
		044C50B721573688005E1B3D /* Products */ = {
			isa = PBXGroup;
			children = (
				044C50B621573688005E1B3D /* XYFAlertView.app */,
			);
			name = Products;
			sourceTree = "<group>";
		};
		044C50B821573688005E1B3D /* XYFAlertView */ = {
			isa = PBXGroup;
			children = (
				00C1835522AD0EDD00B886D7 /* SampleStyleImages */,
				00C1836222AD0EE300B886D7 /* XYFAlertView */,
				044C50B921573688005E1B3D /* AppDelegate.h */,
				044C50BA21573688005E1B3D /* AppDelegate.m */,
				044C50BC21573688005E1B3D /* ViewController.h */,
				044C50BD21573688005E1B3D /* ViewController.m */,
				044C50BF21573688005E1B3D /* Main.storyboard */,
				044C50C221573690005E1B3D /* Assets.xcassets */,
				044C50C421573690005E1B3D /* LaunchScreen.storyboard */,
				044C50C721573690005E1B3D /* Info.plist */,
				044C50C821573690005E1B3D /* main.m */,
			);
			path = XYFAlertView;
			sourceTree = "<group>";
		};
/* End PBXGroup section */

/* Begin PBXNativeTarget section */
		044C50B521573688005E1B3D /* XYFAlertView */ = {
			isa = PBXNativeTarget;
			buildConfigurationList = 044C50CC21573690005E1B3D /* Build configuration list for PBXNativeTarget "XYFAlertView" */;
			buildPhases = (
				044C50B221573688005E1B3D /* Sources */,
				044C50B321573688005E1B3D /* Frameworks */,
				044C50B421573688005E1B3D /* Resources */,
			);
			buildRules = (
			);
			dependencies = (
			);
			name = XYFAlertView;
			productName = XYFAlertView;
			productReference = 044C50B621573688005E1B3D /* XYFAlertView.app */;
			productType = "com.apple.product-type.application";
		};
/* End PBXNativeTarget section */

/* Begin PBXProject section */
		044C50AE21573688005E1B3D /* Project object */ = {
			isa = PBXProject;
			attributes = {
				LastUpgradeCheck = 0940;
				ORGANIZATIONNAME = Mac;
				TargetAttributes = {
					044C50B521573688005E1B3D = {
						CreatedOnToolsVersion = 9.4.1;
					};
				};
			};
			buildConfigurationList = 044C50B121573688005E1B3D /* Build configuration list for PBXProject "XYFAlertView" */;
			compatibilityVersion = "Xcode 9.3";
			developmentRegion = en;
			hasScannedForEncodings = 0;
			knownRegions = (
				en,
				Base,
			);
			mainGroup = 044C50AD21573688005E1B3D;
			productRefGroup = 044C50B721573688005E1B3D /* Products */;
			projectDirPath = "";
			projectRoot = "";
			targets = (
				044C50B521573688005E1B3D /* XYFAlertView */,
			);
		};
/* End PBXProject section */

/* Begin PBXResourcesBuildPhase section */
		044C50B421573688005E1B3D /* Resources */ = {
			isa = PBXResourcesBuildPhase;
			buildActionMask = 2147483647;
			files = (
				00C1835C22AD0EDD00B886D7 /* sample_style_1.gif in Resources */,
				044C50C621573690005E1B3D /* LaunchScreen.storyboard in Resources */,
				00C1835F22AD0EDD00B886D7 /* sample_style_4.gif in Resources */,
				00C1835E22AD0EDD00B886D7 /* sample_style_3.gif in Resources */,
				00C1836022AD0EDD00B886D7 /* sample_style_5.gif in Resources */,
				044C50C321573690005E1B3D /* Assets.xcassets in Resources */,
				00C1835D22AD0EDD00B886D7 /* sample_style_2.gif in Resources */,
				044C50C121573688005E1B3D /* Main.storyboard in Resources */,
				00C1836122AD0EDD00B886D7 /* sample_style_6.gif in Resources */,
			);
			runOnlyForDeploymentPostprocessing = 0;
		};
/* End PBXResourcesBuildPhase section */

/* Begin PBXSourcesBuildPhase section */
		044C50B221573688005E1B3D /* Sources */ = {
			isa = PBXSourcesBuildPhase;
			buildActionMask = 2147483647;
			files = (
				00C1837122AD0EE300B886D7 /* XYFCleanCache.m in Sources */,
				00C1836F22AD0EE300B886D7 /* UIWebView+XYFProgress.m in Sources */,
				044C50BE21573688005E1B3D /* ViewController.m in Sources */,
				00C1837022AD0EE300B886D7 /* XYFAlertView.m in Sources */,
				044C50C921573690005E1B3D /* main.m in Sources */,
				044C50BB21573688005E1B3D /* AppDelegate.m in Sources */,
				00C1837322AD0EE300B886D7 /* XYFProgressLayer.m in Sources */,
				00C1837422AD0EE300B886D7 /* XYFTool.m in Sources */,
				00C1837222AD0EE300B886D7 /* XYFColorVC.m in Sources */,
			);
			runOnlyForDeploymentPostprocessing = 0;
		};
/* End PBXSourcesBuildPhase section */

/* Begin PBXVariantGroup section */
		044C50BF21573688005E1B3D /* Main.storyboard */ = {
			isa = PBXVariantGroup;
			children = (
				044C50C021573688005E1B3D /* Base */,
			);
			name = Main.storyboard;
			sourceTree = "<group>";
		};
		044C50C421573690005E1B3D /* LaunchScreen.storyboard */ = {
			isa = PBXVariantGroup;
			children = (
				044C50C521573690005E1B3D /* Base */,
			);
			name = LaunchScreen.storyboard;
			sourceTree = "<group>";
		};
/* End PBXVariantGroup section */

/* Begin XCBuildConfiguration section */
		044C50CA21573690005E1B3D /* Debug */ = {
			isa = XCBuildConfiguration;
			buildSettings = {
				ALWAYS_SEARCH_USER_PATHS = NO;
				CLANG_ANALYZER_NONNULL = YES;
				CLANG_ANALYZER_NUMBER_OBJECT_CONVERSION = YES_AGGRESSIVE;
				CLANG_CXX_LANGUAGE_STANDARD = "gnu++14";
				CLANG_CXX_LIBRARY = "libc++";
				CLANG_ENABLE_MODULES = YES;
				CLANG_ENABLE_OBJC_ARC = YES;
				CLANG_ENABLE_OBJC_WEAK = YES;
				CLANG_WARN_BLOCK_CAPTURE_AUTORELEASING = YES;
				CLANG_WARN_BOOL_CONVERSION = YES;
				CLANG_WARN_COMMA = YES;
				CLANG_WARN_CONSTANT_CONVERSION = YES;
				CLANG_WARN_DEPRECATED_OBJC_IMPLEMENTATIONS = YES;
				CLANG_WARN_DIRECT_OBJC_ISA_USAGE = YES_ERROR;
				CLANG_WARN_DOCUMENTATION_COMMENTS = YES;
				CLANG_WARN_EMPTY_BODY = YES;
				CLANG_WARN_ENUM_CONVERSION = YES;
				CLANG_WARN_INFINITE_RECURSION = YES;
				CLANG_WARN_INT_CONVERSION = YES;
				CLANG_WARN_NON_LITERAL_NULL_CONVERSION = YES;
				CLANG_WARN_OBJC_IMPLICIT_RETAIN_SELF = YES;
				CLANG_WARN_OBJC_LITERAL_CONVERSION = YES;
				CLANG_WARN_OBJC_ROOT_CLASS = YES_ERROR;
				CLANG_WARN_RANGE_LOOP_ANALYSIS = YES;
				CLANG_WARN_STRICT_PROTOTYPES = YES;
				CLANG_WARN_SUSPICIOUS_MOVE = YES;
				CLANG_WARN_UNGUARDED_AVAILABILITY = YES_AGGRESSIVE;
				CLANG_WARN_UNREACHABLE_CODE = YES;
				CLANG_WARN__DUPLICATE_METHOD_MATCH = YES;
				CODE_SIGN_IDENTITY = "iPhone Developer";
				COPY_PHASE_STRIP = NO;
				DEBUG_INFORMATION_FORMAT = dwarf;
				ENABLE_STRICT_OBJC_MSGSEND = YES;
				ENABLE_TESTABILITY = YES;
				GCC_C_LANGUAGE_STANDARD = gnu11;
				GCC_DYNAMIC_NO_PIC = NO;
				GCC_NO_COMMON_BLOCKS = YES;
				GCC_OPTIMIZATION_LEVEL = 0;
				GCC_PREPROCESSOR_DEFINITIONS = (
					"DEBUG=1",
					"$(inherited)",
				);
				GCC_WARN_64_TO_32_BIT_CONVERSION = YES;
				GCC_WARN_ABOUT_RETURN_TYPE = YES_ERROR;
				GCC_WARN_UNDECLARED_SELECTOR = YES;
				GCC_WARN_UNINITIALIZED_AUTOS = YES_AGGRESSIVE;
				GCC_WARN_UNUSED_FUNCTION = YES;
				GCC_WARN_UNUSED_VARIABLE = YES;
				IPHONEOS_DEPLOYMENT_TARGET = 11.4;
				MTL_ENABLE_DEBUG_INFO = YES;
				ONLY_ACTIVE_ARCH = YES;
				SDKROOT = iphoneos;
			};
			name = Debug;
		};
		044C50CB21573690005E1B3D /* Release */ = {
			isa = XCBuildConfiguration;
			buildSettings = {
				ALWAYS_SEARCH_USER_PATHS = NO;
				CLANG_ANALYZER_NONNULL = YES;
				CLANG_ANALYZER_NUMBER_OBJECT_CONVERSION = YES_AGGRESSIVE;
				CLANG_CXX_LANGUAGE_STANDARD = "gnu++14";
				CLANG_CXX_LIBRARY = "libc++";
				CLANG_ENABLE_MODULES = YES;
				CLANG_ENABLE_OBJC_ARC = YES;
				CLANG_ENABLE_OBJC_WEAK = YES;
				CLANG_WARN_BLOCK_CAPTURE_AUTORELEASING = YES;
				CLANG_WARN_BOOL_CONVERSION = YES;
				CLANG_WARN_COMMA = YES;
				CLANG_WARN_CONSTANT_CONVERSION = YES;
				CLANG_WARN_DEPRECATED_OBJC_IMPLEMENTATIONS = YES;
				CLANG_WARN_DIRECT_OBJC_ISA_USAGE = YES_ERROR;
				CLANG_WARN_DOCUMENTATION_COMMENTS = YES;
				CLANG_WARN_EMPTY_BODY = YES;
				CLANG_WARN_ENUM_CONVERSION = YES;
				CLANG_WARN_INFINITE_RECURSION = YES;
				CLANG_WARN_INT_CONVERSION = YES;
				CLANG_WARN_NON_LITERAL_NULL_CONVERSION = YES;
				CLANG_WARN_OBJC_IMPLICIT_RETAIN_SELF = YES;
				CLANG_WARN_OBJC_LITERAL_CONVERSION = YES;
				CLANG_WARN_OBJC_ROOT_CLASS = YES_ERROR;
				CLANG_WARN_RANGE_LOOP_ANALYSIS = YES;
				CLANG_WARN_STRICT_PROTOTYPES = YES;
				CLANG_WARN_SUSPICIOUS_MOVE = YES;
				CLANG_WARN_UNGUARDED_AVAILABILITY = YES_AGGRESSIVE;
				CLANG_WARN_UNREACHABLE_CODE = YES;
				CLANG_WARN__DUPLICATE_METHOD_MATCH = YES;
				CODE_SIGN_IDENTITY = "iPhone Developer";
				COPY_PHASE_STRIP = NO;
				DEBUG_INFORMATION_FORMAT = "dwarf-with-dsym";
				ENABLE_NS_ASSERTIONS = NO;
				ENABLE_STRICT_OBJC_MSGSEND = YES;
				GCC_C_LANGUAGE_STANDARD = gnu11;
				GCC_NO_COMMON_BLOCKS = YES;
				GCC_WARN_64_TO_32_BIT_CONVERSION = YES;
				GCC_WARN_ABOUT_RETURN_TYPE = YES_ERROR;
				GCC_WARN_UNDECLARED_SELECTOR = YES;
				GCC_WARN_UNINITIALIZED_AUTOS = YES_AGGRESSIVE;
				GCC_WARN_UNUSED_FUNCTION = YES;
				GCC_WARN_UNUSED_VARIABLE = YES;
				IPHONEOS_DEPLOYMENT_TARGET = 11.4;
				MTL_ENABLE_DEBUG_INFO = NO;
				SDKROOT = iphoneos;
				VALIDATE_PRODUCT = YES;
			};
			name = Release;
		};
		044C50CD21573690005E1B3D /* Debug */ = {
			isa = XCBuildConfiguration;
			buildSettings = {
				ASSETCATALOG_COMPILER_APPICON_NAME = AppIcon;
				CODE_SIGN_STYLE = Automatic;
				DEVELOPMENT_TEAM = BRGV5Q76U9;
				INFOPLIST_FILE = XYFAlertView/Info.plist;
				IPHONEOS_DEPLOYMENT_TARGET = 8.0;
				LD_RUNPATH_SEARCH_PATHS = (
					"$(inherited)",
					"@executable_path/Frameworks",
				);
				PRODUCT_BUNDLE_IDENTIFIER = XYFCoder.XYFAlertView;
				PRODUCT_NAME = "$(TARGET_NAME)";
				TARGETED_DEVICE_FAMILY = "1,2";
			};
			name = Debug;
		};
		044C50CE21573690005E1B3D /* Release */ = {
			isa = XCBuildConfiguration;
			buildSettings = {
				ASSETCATALOG_COMPILER_APPICON_NAME = AppIcon;
				CODE_SIGN_STYLE = Automatic;
				DEVELOPMENT_TEAM = BRGV5Q76U9;
				INFOPLIST_FILE = XYFAlertView/Info.plist;
				IPHONEOS_DEPLOYMENT_TARGET = 8.0;
				LD_RUNPATH_SEARCH_PATHS = (
					"$(inherited)",
					"@executable_path/Frameworks",
				);
				PRODUCT_BUNDLE_IDENTIFIER = XYFCoder.XYFAlertView;
				PRODUCT_NAME = "$(TARGET_NAME)";
				TARGETED_DEVICE_FAMILY = "1,2";
			};
			name = Release;
		};
/* End XCBuildConfiguration section */

/* Begin XCConfigurationList section */
		044C50B121573688005E1B3D /* Build configuration list for PBXProject "XYFAlertView" */ = {
			isa = XCConfigurationList;
			buildConfigurations = (
				044C50CA21573690005E1B3D /* Debug */,
				044C50CB21573690005E1B3D /* Release */,
			);
			defaultConfigurationIsVisible = 0;
			defaultConfigurationName = Release;
		};
		044C50CC21573690005E1B3D /* Build configuration list for PBXNativeTarget "XYFAlertView" */ = {
			isa = XCConfigurationList;
			buildConfigurations = (
				044C50CD21573690005E1B3D /* Debug */,
				044C50CE21573690005E1B3D /* Release */,
			);
			defaultConfigurationIsVisible = 0;
			defaultConfigurationName = Release;
		};
/* End XCConfigurationList section */
	};
	rootObject = 044C50AE21573688005E1B3D /* Project object */;
}
